
Microsoft Visual Studio Solution File, Format Version 12.00
# Visual Studio Version 17
VisualStudioVersion = 17.9.34723.18
MinimumVisualStudioVersion = 10.0.40219.1
Project("{FAE04EC0-301F-11D3-BF4B-00C04F79EFBC}") = "MvcMovie", "MvcMovie\MvcMovie.csproj", "{E622C4EF-BF27-4BE5-8C43-C0C7D5B8E9AD}"
EndProject
Global
	GlobalSection(SolutionConfigurationPlatforms) = preSolution
		Debug|Any CPU = Debug|Any CPU
		Release|Any CPU = Release|Any CPU
	EndGlobalSection
	GlobalSection(ProjectConfigurationPlatforms) = postSolution
		{E622C4EF-BF27-4BE5-8C43-C0C7D5B8E9AD}.Debug|Any CPU.ActiveCfg = Debug|Any CPU
		{E622C4EF-BF27-4BE5-8C43-C0C7D5B8E9AD}.Debug|Any CPU.Build.0 = Debug|Any CPU
		{E622C4EF-BF27-4BE5-8C43-C0C7D5B8E9AD}.Release|Any CPU.ActiveCfg = Release|Any CPU
		{E622C4EF-BF27-4BE5-8C43-C0C7D5B8E9AD}.Release|Any CPU.Build.0 = Release|Any CPU
	EndGlobalSection
	GlobalSection(SolutionProperties) = preSolution
		HideSolutionNode = FALSE
	EndGlobalSection
	GlobalSection(ExtensibilityGlobals) = postSolution
		SolutionGuid = {1B3CCF54-FE6B-47E4-91C4-4B7610D95BD0}
	EndGlobalSection
EndGlobal
